// !$*UTF8*$!
{
	archiveVersion = 1;
	classes = {
	};
	objectVersion = 77;
	objects = {

/* Begin PBXContainerItemProxy section */
		4F81256F2ED1C3EF00C3B515 /* PBXContainerItemProxy */ = {
			isa = PBXContainerItemProxy;
			containerPortal = 4F8125592ED1C3ED00C3B515 /* Project object */;
			proxyType = 1;
			remoteGlobalIDString = 4F8125602ED1C3ED00C3B515;
			remoteInfo = UnsplashBrowser;
		};
		4F8125792ED1C3EF00C3B515 /* PBXContainerItemProxy */ = {
			isa = PBXContainerItemProxy;
			containerPortal = 4F8125592ED1C3ED00C3B515 /* Project object */;
			proxyType = 1;
			remoteGlobalIDString = 4F8125602ED1C3ED00C3B515;
			remoteInfo = UnsplashBrowser;
		};
/* End PBXContainerItemProxy section */

/* Begin PBXFileReference section */
		4F8125612ED1C3ED00C3B515 /* UnsplashBrowser.app */ = {isa = PBXFileReference; explicitFileType = wrapper.application; includeInIndex = 0; path = UnsplashBrowser.app; sourceTree = BUILT_PRODUCTS_DIR; };
		4F81256E2ED1C3EF00C3B515 /* UnsplashBrowserTests.xctest */ = {isa = PBXFileReference; explicitFileType = wrapper.cfbundle; includeInIndex = 0; path = UnsplashBrowserTests.xctest; sourceTree = BUILT_PRODUCTS_DIR; };
		4F8125782ED1C3EF00C3B515 /* UnsplashBrowserUITests.xctest */ = {isa = PBXFileReference; explicitFileType = wrapper.cfbundle; includeInIndex = 0; path = UnsplashBrowserUITests.xctest; sourceTree = BUILT_PRODUCTS_DIR; };
/* End PBXFileReference section */

/* Begin PBXFileSystemSynchronizedRootGroup section */
		4F8125632ED1C3ED00C3B515 /* UnsplashBrowser */ = {
			isa = PBXFileSystemSynchronizedRootGroup;
			path = UnsplashBrowser;
			sourceTree = "<group>";
		};
		4F8125712ED1C3EF00C3B515 /* UnsplashBrowserTests */ = {
			isa = PBXFileSystemSynchronizedRootGroup;
			path = UnsplashBrowserTests;
			sourceTree = "<group>";
		};
		4F81257B2ED1C3EF00C3B515 /* UnsplashBrowserUITests */ = {
			isa = PBXFileSystemSynchronizedRootGroup;
			path = UnsplashBrowserUITests;
			sourceTree = "<group>";
		};
/* End PBXFileSystemSynchronizedRootGroup section */

/* Begin PBXFrameworksBuildPhase section */
		4F81255E2ED1C3ED00C3B515 /* Frameworks */ = {
			isa = PBXFrameworksBuildPhase;
			buildActionMask = 2147483647;
			files = (
			);
			runOnlyForDeploymentPostprocessing = 0;
		};
		4F81256B2ED1C3EF00C3B515 /* Frameworks */ = {
			isa = PBXFrameworksBuildPhase;
			buildActionMask = 2147483647;
			files = (
			);
			runOnlyForDeploymentPostprocessing = 0;
		};
		4F8125752ED1C3EF00C3B515 /* Frameworks */ = {
			isa = PBXFrameworksBuildPhase;
			buildActionMask = 2147483647;
			files = (
			);
			runOnlyForDeploymentPostprocessing = 0;
		};
/* End PBXFrameworksBuildPhase section */

/* Begin PBXGroup section */
		4F8125582ED1C3ED00C3B515 = {
			isa = PBXGroup;
			children = (
				4F8125632ED1C3ED00C3B515 /* UnsplashBrowser */,
				4F8125712ED1C3EF00C3B515 /* UnsplashBrowserTests */,
				4F81257B2ED1C3EF00C3B515 /* UnsplashBrowserUITests */,
				4F8125622ED1C3ED00C3B515 /* Products */,
			);
			sourceTree = "<group>";
		};
		4F8125622ED1C3ED00C3B515 /* Products */ = {
			isa = PBXGroup;
			children = (
				4F8125612ED1C3ED00C3B515 /* UnsplashBrowser.app */,
				4F81256E2ED1C3EF00C3B515 /* UnsplashBrowserTests.xctest */,
				4F8125782ED1C3EF00C3B515 /* UnsplashBrowserUITests.xctest */,
			);
			name = Products;
			sourceTree = "<group>";
		};
/* End PBXGroup section */

/* Begin PBXNativeTarget section */
		4F8125602ED1C3ED00C3B515 /* UnsplashBrowser */ = {
			isa = PBXNativeTarget;
			buildConfigurationList = 4F8125822ED1C3EF00C3B515 /* Build configuration list for PBXNativeTarget "UnsplashBrowser" */;
			buildPhases = (
				4F81255D2ED1C3ED00C3B515 /* Sources */,
				4F81255E2ED1C3ED00C3B515 /* Frameworks */,
				4F81255F2ED1C3ED00C3B515 /* Resources */,
			);
			buildRules = (
			);
			dependencies = (
			);
			fileSystemSynchronizedGroups = (
				4F8125632ED1C3ED00C3B515 /* UnsplashBrowser */,
			);
			name = UnsplashBrowser;
			packageProductDependencies = (
			);
			productName = UnsplashBrowser;
			productReference = 4F8125612ED1C3ED00C3B515 /* UnsplashBrowser.app */;
			productType = "com.apple.product-type.application";
		};
		4F81256D2ED1C3EF00C3B515 /* UnsplashBrowserTests */ = {
			isa = PBXNativeTarget;
			buildConfigurationList = 4F8125852ED1C3EF00C3B515 /* Build configuration list for PBXNativeTarget "UnsplashBrowserTests" */;
			buildPhases = (
				4F81256A2ED1C3EF00C3B515 /* Sources */,
				4F81256B2ED1C3EF00C3B515 /* Frameworks */,
				4F81256C2ED1C3EF00C3B515 /* Resources */,
			);
			buildRules = (
			);
			dependencies = (
				4F8125702ED1C3EF00C3B515 /* PBXTargetDependency */,
			);
			fileSystemSynchronizedGroups = (
				4F8125712ED1C3EF00C3B515 /* UnsplashBrowserTests */,
			);
			name = UnsplashBrowserTests;
			packageProductDependencies = (
			);
			productName = UnsplashBrowserTests;
			productReference = 4F81256E2ED1C3EF00C3B515 /* UnsplashBrowserTests.xctest */;
			productType = "com.apple.product-type.bundle.unit-test";
		};
		4F8125772ED1C3EF00C3B515 /* UnsplashBrowserUITests */ = {
			isa = PBXNativeTarget;
			buildConfigurationList = 4F8125882ED1C3EF00C3B515 /* Build configuration list for PBXNativeTarget "UnsplashBrowserUITests" */;
			buildPhases = (
				4F8125742ED1C3EF00C3B515 /* Sources */,
				4F8125752ED1C3EF00C3B515 /* Frameworks */,
				4F8125762ED1C3EF00C3B515 /* Resources */,
			);
			buildRules = (
			);
			dependencies = (
				4F81257A2ED1C3EF00C3B515 /* PBXTargetDependency */,
			);
			fileSystemSynchronizedGroups = (
				4F81257B2ED1C3EF00C3B515 /* UnsplashBrowserUITests */,
			);
			name = UnsplashBrowserUITests;
			packageProductDependencies = (
			);
			productName = UnsplashBrowserUITests;
			productReference = 4F8125782ED1C3EF00C3B515 /* UnsplashBrowserUITests.xctest */;
			productType = "com.apple.product-type.bundle.ui-testing";
		};
/* End PBXNativeTarget section */

/* Begin PBXProject section */
		4F8125592ED1C3ED00C3B515 /* Project object */ = {
			isa = PBXProject;
			attributes = {
				BuildIndependentTargetsInParallel = 1;
				LastSwiftUpdateCheck = 2610;
				LastUpgradeCheck = 2610;
				TargetAttributes = {
					4F8125602ED1C3ED00C3B515 = {
						CreatedOnToolsVersion = 26.1.1;
					};
					4F81256D2ED1C3EF00C3B515 = {
						CreatedOnToolsVersion = 26.1.1;
						TestTargetID = 4F8125602ED1C3ED00C3B515;
					};
					4F8125772ED1C3EF00C3B515 = {
						CreatedOnToolsVersion = 26.1.1;
						TestTargetID = 4F8125602ED1C3ED00C3B515;
					};
				};
			};
			buildConfigurationList = 4F81255C2ED1C3ED00C3B515 /* Build configuration list for PBXProject "UnsplashBrowser" */;
			developmentRegion = en;
			hasScannedForEncodings = 0;
			knownRegions = (
				en,
				Base,
			);
			mainGroup = 4F8125582ED1C3ED00C3B515;
			minimizedProjectReferenceProxies = 1;
			preferredProjectObjectVersion = 77;
			productRefGroup = 4F8125622ED1C3ED00C3B515 /* Products */;
			projectDirPath = "";
			projectRoot = "";
			targets = (
				4F8125602ED1C3ED00C3B515 /* UnsplashBrowser */,
				4F81256D2ED1C3EF00C3B515 /* UnsplashBrowserTests */,
				4F8125772ED1C3EF00C3B515 /* UnsplashBrowserUITests */,
			);
		};
/* End PBXProject section */

/* Begin PBXResourcesBuildPhase section */
		4F81255F2ED1C3ED00C3B515 /* Resources */ = {
			isa = PBXResourcesBuildPhase;
			buildActionMask = 2147483647;
			files = (
			);
			runOnlyForDeploymentPostprocessing = 0;
		};
		4F81256C2ED1C3EF00C3B515 /* Resources */ = {
			isa = PBXResourcesBuildPhase;
			buildActionMask = 2147483647;
			files = (
			);
			runOnlyForDeploymentPostprocessing = 0;
		};
		4F8125762ED1C3EF00C3B515 /* Resources */ = {
			isa = PBXResourcesBuildPhase;
			buildActionMask = 2147483647;
			files = (
			);
			runOnlyForDeploymentPostprocessing = 0;
		};
/* End PBXResourcesBuildPhase section */

/* Begin PBXSourcesBuildPhase section */
		4F81255D2ED1C3ED00C3B515 /* Sources */ = {
			isa = PBXSourcesBuildPhase;
			buildActionMask = 2147483647;
			files = (
			);
			runOnlyForDeploymentPostprocessing = 0;
		};
		4F81256A2ED1C3EF00C3B515 /* Sources */ = {
			isa = PBXSourcesBuildPhase;
			buildActionMask = 2147483647;
			files = (
			);
			runOnlyForDeploymentPostprocessing = 0;
		};
		4F8125742ED1C3EF00C3B515 /* Sources */ = {
			isa = PBXSourcesBuildPhase;
			buildActionMask = 2147483647;
			files = (
			);
			runOnlyForDeploymentPostprocessing = 0;
		};
/* End PBXSourcesBuildPhase section */

/* Begin PBXTargetDependency section */
		4F8125702ED1C3EF00C3B515 /* PBXTargetDependency */ = {
			isa = PBXTargetDependency;
			target = 4F8125602ED1C3ED00C3B515 /* UnsplashBrowser */;
			targetProxy = 4F81256F2ED1C3EF00C3B515 /* PBXContainerItemProxy */;
		};
		4F81257A2ED1C3EF00C3B515 /* PBXTargetDependency */ = {
			isa = PBXTargetDependency;
			target = 4F8125602ED1C3ED00C3B515 /* UnsplashBrowser */;
			targetProxy = 4F8125792ED1C3EF00C3B515 /* PBXContainerItemProxy */;
		};
/* End PBXTargetDependency section */

/* Begin XCBuildConfiguration section */
		4F8125802ED1C3EF00C3B515 /* Debug */ = {
			isa = XCBuildConfiguration;
			buildSettings = {
				ALWAYS_SEARCH_USER_PATHS = NO;
				ASSETCATALOG_COMPILER_GENERATE_SWIFT_ASSET_SYMBOL_EXTENSIONS = YES;
				CLANG_ANALYZER_NONNULL = YES;
				CLANG_ANALYZER_NUMBER_OBJECT_CONVERSION = YES_AGGRESSIVE;
				CLANG_CXX_LANGUAGE_STANDARD = "gnu++20";
				CLANG_ENABLE_MODULES = YES;
				CLANG_ENABLE_OBJC_ARC = YES;
				CLANG_ENABLE_OBJC_WEAK = YES;
				CLANG_WARN_BLOCK_CAPTURE_AUTORELEASING = YES;
				CLANG_WARN_BOOL_CONVERSION = YES;
				CLANG_WARN_COMMA = YES;
				CLANG_WARN_CONSTANT_CONVERSION = YES;
				CLANG_WARN_DEPRECATED_OBJC_IMPLEMENTATIONS = YES;
				CLANG_WARN_DIRECT_OBJC_ISA_USAGE = YES_ERROR;
				CLANG_WARN_DOCUMENTATION_COMMENTS = YES;
				CLANG_WARN_EMPTY_BODY = YES;
				CLANG_WARN_ENUM_CONVERSION = YES;
				CLANG_WARN_INFINITE_RECURSION = YES;
				CLANG_WARN_INT_CONVERSION = YES;
				CLANG_WARN_NON_LITERAL_NULL_CONVERSION = YES;
				CLANG_WARN_OBJC_IMPLICIT_RETAIN_SELF = YES;
				CLANG_WARN_OBJC_LITERAL_CONVERSION = YES;
				CLANG_WARN_OBJC_ROOT_CLASS = YES_ERROR;
				CLANG_WARN_QUOTED_INCLUDE_IN_FRAMEWORK_HEADER = YES;
				CLANG_WARN_RANGE_LOOP_ANALYSIS = YES;
				CLANG_WARN_STRICT_PROTOTYPES = YES;
				CLANG_WARN_SUSPICIOUS_MOVE = YES;
				CLANG_WARN_UNGUARDED_AVAILABILITY = YES_AGGRESSIVE;
				CLANG_WARN_UNREACHABLE_CODE = YES;
				CLANG_WARN__DUPLICATE_METHOD_MATCH = YES;
				COPY_PHASE_STRIP = NO;
				DEBUG_INFORMATION_FORMAT = dwarf;
				DEVELOPMENT_TEAM = YL93MQRQ4A;
				ENABLE_STRICT_OBJC_MSGSEND = YES;
				ENABLE_TESTABILITY = YES;
				ENABLE_USER_SCRIPT_SANDBOXING = YES;
				GCC_C_LANGUAGE_STANDARD = gnu17;
				GCC_DYNAMIC_NO_PIC = NO;
				GCC_NO_COMMON_BLOCKS = YES;
				GCC_OPTIMIZATION_LEVEL = 0;
				GCC_PREPROCESSOR_DEFINITIONS = (
					"DEBUG=1",
					"$(inherited)",
				);
				GCC_WARN_64_TO_32_BIT_CONVERSION = YES;
				GCC_WARN_ABOUT_RETURN_TYPE = YES_ERROR;
				GCC_WARN_UNDECLARED_SELECTOR = YES;
				GCC_WARN_UNINITIALIZED_AUTOS = YES_AGGRESSIVE;
				GCC_WARN_UNUSED_FUNCTION = YES;
				GCC_WARN_UNUSED_VARIABLE = YES;
				IPHONEOS_DEPLOYMENT_TARGET = 26.1;
				LOCALIZATION_PREFERS_STRING_CATALOGS = YES;
				MTL_ENABLE_DEBUG_INFO = INCLUDE_SOURCE;
				MTL_FAST_MATH = YES;
				ONLY_ACTIVE_ARCH = YES;
				SDKROOT = iphoneos;
				SWIFT_ACTIVE_COMPILATION_CONDITIONS = "DEBUG $(inherited)";
				SWIFT_OPTIMIZATION_LEVEL = "-Onone";
			};
			name = Debug;
		};
		4F8125812ED1C3EF00C3B515 /* Release */ = {
			isa = XCBuildConfiguration;
			buildSettings = {
				ALWAYS_SEARCH_USER_PATHS = NO;
				ASSETCATALOG_COMPILER_GENERATE_SWIFT_ASSET_SYMBOL_EXTENSIONS = YES;
				CLANG_ANALYZER_NONNULL = YES;
				CLANG_ANALYZER_NUMBER_OBJECT_CONVERSION = YES_AGGRESSIVE;
				CLANG_CXX_LANGUAGE_STANDARD = "gnu++20";
				CLANG_ENABLE_MODULES = YES;
				CLANG_ENABLE_OBJC_ARC = YES;
				CLANG_ENABLE_OBJC_WEAK = YES;
				CLANG_WARN_BLOCK_CAPTURE_AUTORELEASING = YES;
				CLANG_WARN_BOOL_CONVERSION = YES;
				CLANG_WARN_COMMA = YES;
				CLANG_WARN_CONSTANT_CONVERSION = YES;
				CLANG_WARN_DEPRECATED_OBJC_IMPLEMENTATIONS = YES;
				CLANG_WARN_DIRECT_OBJC_ISA_USAGE = YES_ERROR;
				CLANG_WARN_DOCUMENTATION_COMMENTS = YES;
				CLANG_WARN_EMPTY_BODY = YES;
				CLANG_WARN_ENUM_CONVERSION = YES;
				CLANG_WARN_INFINITE_RECURSION = YES;
				CLANG_WARN_INT_CONVERSION = YES;
				CLANG_WARN_NON_LITERAL_NULL_CONVERSION = YES;
				CLANG_WARN_OBJC_IMPLICIT_RETAIN_SELF = YES;
				CLANG_WARN_OBJC_LITERAL_CONVERSION = YES;
				CLANG_WARN_OBJC_ROOT_CLASS = YES_ERROR;
				CLANG_WARN_QUOTED_INCLUDE_IN_FRAMEWORK_HEADER = YES;
				CLANG_WARN_RANGE_LOOP_ANALYSIS = YES;
				CLANG_WARN_STRICT_PROTOTYPES = YES;
				CLANG_WARN_SUSPICIOUS_MOVE = YES;
				CLANG_WARN_UNGUARDED_AVAILABILITY = YES_AGGRESSIVE;
				CLANG_WARN_UNREACHABLE_CODE = YES;
				CLANG_WARN__DUPLICATE_METHOD_MATCH = YES;
				COPY_PHASE_STRIP = NO;
				DEBUG_INFORMATION_FORMAT = "dwarf-with-dsym";
				DEVELOPMENT_TEAM = YL93MQRQ4A;
				ENABLE_NS_ASSERTIONS = NO;
				ENABLE_STRICT_OBJC_MSGSEND = YES;
				ENABLE_USER_SCRIPT_SANDBOXING = YES;
				GCC_C_LANGUAGE_STANDARD = gnu17;
				GCC_NO_COMMON_BLOCKS = YES;
				GCC_WARN_64_TO_32_BIT_CONVERSION = YES;
				GCC_WARN_ABOUT_RETURN_TYPE = YES_ERROR;
				GCC_WARN_UNDECLARED_SELECTOR = YES;
				GCC_WARN_UNINITIALIZED_AUTOS = YES_AGGRESSIVE;
				GCC_WARN_UNUSED_FUNCTION = YES;
				GCC_WARN_UNUSED_VARIABLE = YES;
				IPHONEOS_DEPLOYMENT_TARGET = 26.1;
				LOCALIZATION_PREFERS_STRING_CATALOGS = YES;
				MTL_ENABLE_DEBUG_INFO = NO;
				MTL_FAST_MATH = YES;
				SDKROOT = iphoneos;
				SWIFT_COMPILATION_MODE = wholemodule;
				VALIDATE_PRODUCT = YES;
			};
			name = Release;
		};
		4F8125832ED1C3EF00C3B515 /* Debug */ = {
			isa = XCBuildConfiguration;
			buildSettings = {
				ASSETCATALOG_COMPILER_APPICON_NAME = AppIcon;
				ASSETCATALOG_COMPILER_GLOBAL_ACCENT_COLOR_NAME = AccentColor;
				CODE_SIGN_STYLE = Automatic;
				CURRENT_PROJECT_VERSION = 1;
				DEVELOPMENT_TEAM = YL93MQRQ4A;
				ENABLE_PREVIEWS = YES;
				GENERATE_INFOPLIST_FILE = YES;
				INFOPLIST_KEY_UIApplicationSceneManifest_Generation = YES;
				INFOPLIST_KEY_UIApplicationSupportsIndirectInputEvents = YES;
				INFOPLIST_KEY_UILaunchScreen_Generation = YES;
				INFOPLIST_KEY_UISupportedInterfaceOrientations_iPad = "UIInterfaceOrientationPortrait UIInterfaceOrientationPortraitUpsideDown UIInterfaceOrientationLandscapeLeft UIInterfaceOrientationLandscapeRight";
				INFOPLIST_KEY_UISupportedInterfaceOrientations_iPhone = "UIInterfaceOrientationPortrait UIInterfaceOrientationLandscapeLeft UIInterfaceOrientationLandscapeRight";
				IPHONEOS_DEPLOYMENT_TARGET = 18.0;
				LD_RUNPATH_SEARCH_PATHS = (
					"$(inherited)",
					"@executable_path/Frameworks",
				);
				MARKETING_VERSION = 1.0;
				PRODUCT_BUNDLE_IDENTIFIER = com.quan.dnl.UnsplashBrowser;
				PRODUCT_NAME = "$(TARGET_NAME)";
				STRING_CATALOG_GENERATE_SYMBOLS = YES;
				SWIFT_APPROACHABLE_CONCURRENCY = YES;
				SWIFT_DEFAULT_ACTOR_ISOLATION = MainActor;
				SWIFT_EMIT_LOC_STRINGS = YES;
				SWIFT_UPCOMING_FEATURE_MEMBER_IMPORT_VISIBILITY = YES;
				SWIFT_VERSION = 5.0;
				TARGETED_DEVICE_FAMILY = "1,2";
			};
			name = Debug;
		};
		4F8125842ED1C3EF00C3B515 /* Release */ = {
			isa = XCBuildConfiguration;
			buildSettings = {
				ASSETCATALOG_COMPILER_APPICON_NAME = AppIcon;
				ASSETCATALOG_COMPILER_GLOBAL_ACCENT_COLOR_NAME = AccentColor;
				CODE_SIGN_STYLE = Automatic;
				CURRENT_PROJECT_VERSION = 1;
				DEVELOPMENT_TEAM = YL93MQRQ4A;
				ENABLE_PREVIEWS = YES;
				GENERATE_INFOPLIST_FILE = YES;
				INFOPLIST_KEY_UIApplicationSceneManifest_Generation = YES;
				INFOPLIST_KEY_UIApplicationSupportsIndirectInputEvents = YES;
				INFOPLIST_KEY_UILaunchScreen_Generation = YES;
				INFOPLIST_KEY_UISupportedInterfaceOrientations_iPad = "UIInterfaceOrientationPortrait UIInterfaceOrientationPortraitUpsideDown UIInterfaceOrientationLandscapeLeft UIInterfaceOrientationLandscapeRight";
				INFOPLIST_KEY_UISupportedInterfaceOrientations_iPhone = "UIInterfaceOrientationPortrait UIInterfaceOrientationLandscapeLeft UIInterfaceOrientationLandscapeRight";
				IPHONEOS_DEPLOYMENT_TARGET = 18.0;
				LD_RUNPATH_SEARCH_PATHS = (
					"$(inherited)",
					"@executable_path/Frameworks",
				);
				MARKETING_VERSION = 1.0;
				PRODUCT_BUNDLE_IDENTIFIER = com.quan.dnl.UnsplashBrowser;
				PRODUCT_NAME = "$(TARGET_NAME)";
				STRING_CATALOG_GENERATE_SYMBOLS = YES;
				SWIFT_APPROACHABLE_CONCURRENCY = YES;
				SWIFT_DEFAULT_ACTOR_ISOLATION = MainActor;
				SWIFT_EMIT_LOC_STRINGS = YES;
				SWIFT_UPCOMING_FEATURE_MEMBER_IMPORT_VISIBILITY = YES;
				SWIFT_VERSION = 5.0;
				TARGETED_DEVICE_FAMILY = "1,2";
			};
			name = Release;
		};
		4F8125862ED1C3EF00C3B515 /* Debug */ = {
			isa = XCBuildConfiguration;
			buildSettings = {
				BUNDLE_LOADER = "$(TEST_HOST)";
				CODE_SIGN_STYLE = Automatic;
				CURRENT_PROJECT_VERSION = 1;
				DEVELOPMENT_TEAM = YL93MQRQ4A;
				GENERATE_INFOPLIST_FILE = YES;
				IPHONEOS_DEPLOYMENT_TARGET = 26.1;
				MARKETING_VERSION = 1.0;
				PRODUCT_BUNDLE_IDENTIFIER = com.quan.dnl.UnsplashBrowserTests;
				PRODUCT_NAME = "$(TARGET_NAME)";
				STRING_CATALOG_GENERATE_SYMBOLS = NO;
				SWIFT_APPROACHABLE_CONCURRENCY = YES;
				SWIFT_EMIT_LOC_STRINGS = NO;
				SWIFT_UPCOMING_FEATURE_MEMBER_IMPORT_VISIBILITY = YES;
				SWIFT_VERSION = 5.0;
				TARGETED_DEVICE_FAMILY = "1,2";
				TEST_HOST = "$(BUILT_PRODUCTS_DIR)/UnsplashBrowser.app/$(BUNDLE_EXECUTABLE_FOLDER_PATH)/UnsplashBrowser";
			};
			name = Debug;
		};
		4F8125872ED1C3EF00C3B515 /* Release */ = {
			isa = XCBuildConfiguration;
			buildSettings = {
				BUNDLE_LOADER = "$(TEST_HOST)";
				CODE_SIGN_STYLE = Automatic;
				CURRENT_PROJECT_VERSION = 1;
				DEVELOPMENT_TEAM = YL93MQRQ4A;
				GENERATE_INFOPLIST_FILE = YES;
				IPHONEOS_DEPLOYMENT_TARGET = 26.1;
				MARKETING_VERSION = 1.0;
				PRODUCT_BUNDLE_IDENTIFIER = com.quan.dnl.UnsplashBrowserTests;
				PRODUCT_NAME = "$(TARGET_NAME)";
				STRING_CATALOG_GENERATE_SYMBOLS = NO;
				SWIFT_APPROACHABLE_CONCURRENCY = YES;
				SWIFT_EMIT_LOC_STRINGS = NO;
				SWIFT_UPCOMING_FEATURE_MEMBER_IMPORT_VISIBILITY = YES;
				SWIFT_VERSION = 5.0;
				TARGETED_DEVICE_FAMILY = "1,2";
				TEST_HOST = "$(BUILT_PRODUCTS_DIR)/UnsplashBrowser.app/$(BUNDLE_EXECUTABLE_FOLDER_PATH)/UnsplashBrowser";
			};
			name = Release;
		};
		4F8125892ED1C3EF00C3B515 /* Debug */ = {
			isa = XCBuildConfiguration;
			buildSettings = {
				CODE_SIGN_STYLE = Automatic;
				CURRENT_PROJECT_VERSION = 1;
				DEVELOPMENT_TEAM = YL93MQRQ4A;
				GENERATE_INFOPLIST_FILE = YES;
				MARKETING_VERSION = 1.0;
				PRODUCT_BUNDLE_IDENTIFIER = com.quan.dnl.UnsplashBrowserUITests;
				PRODUCT_NAME = "$(TARGET_NAME)";
				STRING_CATALOG_GENERATE_SYMBOLS = NO;
				SWIFT_APPROACHABLE_CONCURRENCY = YES;
				SWIFT_EMIT_LOC_STRINGS = NO;
				SWIFT_UPCOMING_FEATURE_MEMBER_IMPORT_VISIBILITY = YES;
				SWIFT_VERSION = 5.0;
				TARGETED_DEVICE_FAMILY = "1,2";
				TEST_TARGET_NAME = UnsplashBrowser;
			};
			name = Debug;
		};
		4F81258A2ED1C3EF00C3B515 /* Release */ = {
			isa = XCBuildConfiguration;
			buildSettings = {
				CODE_SIGN_STYLE = Automatic;
				CURRENT_PROJECT_VERSION = 1;
				DEVELOPMENT_TEAM = YL93MQRQ4A;
				GENERATE_INFOPLIST_FILE = YES;
				MARKETING_VERSION = 1.0;
				PRODUCT_BUNDLE_IDENTIFIER = com.quan.dnl.UnsplashBrowserUITests;
				PRODUCT_NAME = "$(TARGET_NAME)";
				STRING_CATALOG_GENERATE_SYMBOLS = NO;
				SWIFT_APPROACHABLE_CONCURRENCY = YES;
				SWIFT_EMIT_LOC_STRINGS = NO;
				SWIFT_UPCOMING_FEATURE_MEMBER_IMPORT_VISIBILITY = YES;
				SWIFT_VERSION = 5.0;
				TARGETED_DEVICE_FAMILY = "1,2";
				TEST_TARGET_NAME = UnsplashBrowser;
			};
			name = Release;
		};
/* End XCBuildConfiguration section */

/* Begin XCConfigurationList section */
		4F81255C2ED1C3ED00C3B515 /* Build configuration list for PBXProject "UnsplashBrowser" */ = {
			isa = XCConfigurationList;
			buildConfigurations = (
				4F8125802ED1C3EF00C3B515 /* Debug */,
				4F8125812ED1C3EF00C3B515 /* Release */,
			);
			defaultConfigurationIsVisible = 0;
			defaultConfigurationName = Release;
		};
		4F8125822ED1C3EF00C3B515 /* Build configuration list for PBXNativeTarget "UnsplashBrowser" */ = {
			isa = XCConfigurationList;
			buildConfigurations = (
				4F8125832ED1C3EF00C3B515 /* Debug */,
				4F8125842ED1C3EF00C3B515 /* Release */,
			);
			defaultConfigurationIsVisible = 0;
			defaultConfigurationName = Release;
		};
		4F8125852ED1C3EF00C3B515 /* Build configuration list for PBXNativeTarget "UnsplashBrowserTests" */ = {
			isa = XCConfigurationList;
			buildConfigurations = (
				4F8125862ED1C3EF00C3B515 /* Debug */,
				4F8125872ED1C3EF00C3B515 /* Release */,
			);
			defaultConfigurationIsVisible = 0;
			defaultConfigurationName = Release;
		};
		4F8125882ED1C3EF00C3B515 /* Build configuration list for PBXNativeTarget "UnsplashBrowserUITests" */ = {
			isa = XCConfigurationList;
			buildConfigurations = (
				4F8125892ED1C3EF00C3B515 /* Debug */,
				4F81258A2ED1C3EF00C3B515 /* Release */,
			);
			defaultConfigurationIsVisible = 0;
			defaultConfigurationName = Release;
		};
/* End XCConfigurationList section */
	};
	rootObject = 4F8125592ED1C3ED00C3B515 /* Project object */;
}
